
Microsoft Visual Studio Solution File, Format Version 12.00
# Visual Studio Version 17
VisualStudioVersion = 17.7.34202.233
MinimumVisualStudioVersion = 10.0.40219.1
Project("{FAE04EC0-301F-11D3-BF4B-00C04F79EFBC}") = "FirebaseApp", "FirebaseApp\FirebaseApp.csproj", "{9F32C3CF-B214-4B6F-A301-8E70DC22AD63}"
EndProject
Global
	GlobalSection(SolutionConfigurationPlatforms) = preSolution
		Debug|Any CPU = Debug|Any CPU
		Release|Any CPU = Release|Any CPU
	EndGlobalSection
	GlobalSection(ProjectConfigurationPlatforms) = postSolution
		{9F32C3CF-B214-4B6F-A301-8E70DC22AD63}.Debug|Any CPU.ActiveCfg = Debug|Any CPU
		{9F32C3CF-B214-4B6F-A301-8E70DC22AD63}.Debug|Any CPU.Build.0 = Debug|Any CPU
		{9F32C3CF-B214-4B6F-A301-8E70DC22AD63}.Release|Any CPU.ActiveCfg = Release|Any CPU
		{9F32C3CF-B214-4B6F-A301-8E70DC22AD63}.Release|Any CPU.Build.0 = Release|Any CPU
	EndGlobalSection
	GlobalSection(SolutionProperties) = preSolution
		HideSolutionNode = FALSE
	EndGlobalSection
	GlobalSection(ExtensibilityGlobals) = postSolution
		SolutionGuid = {D47832B4-B758-427D-9493-7E697E88A6D8}
	EndGlobalSection
EndGlobal
